// !$*UTF8*$!
{
	archiveVersion = 1;
	classes = {
	};
	objectVersion = 56;
	objects = {

/* Begin PBXBuildFile section */
		CEABD29A29F7D7C500A9E1E1 /* AppDelegate.swift in Sources */ = {isa = PBXBuildFile; fileRef = CEABD29929F7D7C500A9E1E1 /* AppDelegate.swift */; };
		CEABD29C29F7D7C500A9E1E1 /* SceneDelegate.swift in Sources */ = {isa = PBXBuildFile; fileRef = CEABD29B29F7D7C500A9E1E1 /* SceneDelegate.swift */; };
		CEABD29E29F7D7C500A9E1E1 /* ViewController.swift in Sources */ = {isa = PBXBuildFile; fileRef = CEABD29D29F7D7C500A9E1E1 /* ViewController.swift */; };
		CEABD2A129F7D7C500A9E1E1 /* Main.storyboard in Resources */ = {isa = PBXBuildFile; fileRef = CEABD29F29F7D7C500A9E1E1 /* Main.storyboard */; };
		CEABD2A329F7D7C800A9E1E1 /* Assets.xcassets in Resources */ = {isa = PBXBuildFile; fileRef = CEABD2A229F7D7C800A9E1E1 /* Assets.xcassets */; };
		CEABD2A629F7D7C800A9E1E1 /* LaunchScreen.storyboard in Resources */ = {isa = PBXBuildFile; fileRef = CEABD2A429F7D7C800A9E1E1 /* LaunchScreen.storyboard */; };
		CEABD2AE29F7D81A00A9E1E1 /* ShimmerLabel.swift in Sources */ = {isa = PBXBuildFile; fileRef = CEABD2AD29F7D81A00A9E1E1 /* ShimmerLabel.swift */; };
/* End PBXBuildFile section */

/* Begin PBXFileReference section */
		CEABD29629F7D7C500A9E1E1 /* ShimmerLabel.app */ = {isa = PBXFileReference; explicitFileType = wrapper.application; includeInIndex = 0; path = ShimmerLabel.app; sourceTree = BUILT_PRODUCTS_DIR; };
		CEABD29929F7D7C500A9E1E1 /* AppDelegate.swift */ = {isa = PBXFileReference; lastKnownFileType = sourcecode.swift; path = AppDelegate.swift; sourceTree = "<group>"; };
		CEABD29B29F7D7C500A9E1E1 /* SceneDelegate.swift */ = {isa = PBXFileReference; lastKnownFileType = sourcecode.swift; path = SceneDelegate.swift; sourceTree = "<group>"; };
		CEABD29D29F7D7C500A9E1E1 /* ViewController.swift */ = {isa = PBXFileReference; lastKnownFileType = sourcecode.swift; path = ViewController.swift; sourceTree = "<group>"; };
		CEABD2A029F7D7C500A9E1E1 /* Base */ = {isa = PBXFileReference; lastKnownFileType = file.storyboard; name = Base; path = Base.lproj/Main.storyboard; sourceTree = "<group>"; };
		CEABD2A229F7D7C800A9E1E1 /* Assets.xcassets */ = {isa = PBXFileReference; lastKnownFileType = folder.assetcatalog; path = Assets.xcassets; sourceTree = "<group>"; };
		CEABD2A529F7D7C800A9E1E1 /* Base */ = {isa = PBXFileReference; lastKnownFileType = file.storyboard; name = Base; path = Base.lproj/LaunchScreen.storyboard; sourceTree = "<group>"; };
		CEABD2A729F7D7C800A9E1E1 /* Info.plist */ = {isa = PBXFileReference; lastKnownFileType = text.plist.xml; path = Info.plist; sourceTree = "<group>"; };
		CEABD2AD29F7D81A00A9E1E1 /* ShimmerLabel.swift */ = {isa = PBXFileReference; lastKnownFileType = sourcecode.swift; path = ShimmerLabel.swift; sourceTree = "<group>"; };
		CEABD2AF29F7DF0A00A9E1E1 /* preview.mp4 */ = {isa = PBXFileReference; lastKnownFileType = file; name = preview.mp4; path = ../../../Downloads/preview.mp4; sourceTree = "<group>"; };
		CEABD2B029F7DF1100A9E1E1 /* preview.mp4 */ = {isa = PBXFileReference; lastKnownFileType = file; path = preview.mp4; sourceTree = "<group>"; };
		CEABD2B129F7DF2C00A9E1E1 /* README.md */ = {isa = PBXFileReference; lastKnownFileType = net.daringfireball.markdown; path = README.md; sourceTree = "<group>"; };
/* End PBXFileReference section */

/* Begin PBXFrameworksBuildPhase section */
		CEABD29329F7D7C500A9E1E1 /* Frameworks */ = {
			isa = PBXFrameworksBuildPhase;
			buildActionMask = 2147483647;
			files = (
			);
			runOnlyForDeploymentPostprocessing = 0;
		};
/* End PBXFrameworksBuildPhase section */

/* Begin PBXGroup section */
		CEABD28D29F7D7C500A9E1E1 = {
			isa = PBXGroup;
			children = (
				CEABD2B129F7DF2C00A9E1E1 /* README.md */,
				CEABD2B029F7DF1100A9E1E1 /* preview.mp4 */,
				CEABD29829F7D7C500A9E1E1 /* ShimmerLabel */,
				CEABD29729F7D7C500A9E1E1 /* Products */,
			);
			sourceTree = "<group>";
		};
		CEABD29729F7D7C500A9E1E1 /* Products */ = {
			isa = PBXGroup;
			children = (
				CEABD29629F7D7C500A9E1E1 /* ShimmerLabel.app */,
			);
			name = Products;
			sourceTree = "<group>";
		};
		CEABD29829F7D7C500A9E1E1 /* ShimmerLabel */ = {
			isa = PBXGroup;
			children = (
				CEABD29929F7D7C500A9E1E1 /* AppDelegate.swift */,
				CEABD29B29F7D7C500A9E1E1 /* SceneDelegate.swift */,
				CEABD29D29F7D7C500A9E1E1 /* ViewController.swift */,
				CEABD2AD29F7D81A00A9E1E1 /* ShimmerLabel.swift */,
				CEABD29F29F7D7C500A9E1E1 /* Main.storyboard */,
				CEABD2A229F7D7C800A9E1E1 /* Assets.xcassets */,
				CEABD2A429F7D7C800A9E1E1 /* LaunchScreen.storyboard */,
				CEABD2A729F7D7C800A9E1E1 /* Info.plist */,
				CEABD2AF29F7DF0A00A9E1E1 /* preview.mp4 */,
			);
			path = ShimmerLabel;
			sourceTree = "<group>";
		};
/* End PBXGroup section */

/* Begin PBXNativeTarget section */
		CEABD29529F7D7C500A9E1E1 /* ShimmerLabel */ = {
			isa = PBXNativeTarget;
			buildConfigurationList = CEABD2AA29F7D7C800A9E1E1 /* Build configuration list for PBXNativeTarget "ShimmerLabel" */;
			buildPhases = (
				CEABD29229F7D7C500A9E1E1 /* Sources */,
				CEABD29329F7D7C500A9E1E1 /* Frameworks */,
				CEABD29429F7D7C500A9E1E1 /* Resources */,
			);
			buildRules = (
			);
			dependencies = (
			);
			name = ShimmerLabel;
			productName = ShimmerLabel;
			productReference = CEABD29629F7D7C500A9E1E1 /* ShimmerLabel.app */;
			productType = "com.apple.product-type.application";
		};
/* End PBXNativeTarget section */

/* Begin PBXProject section */
		CEABD28E29F7D7C500A9E1E1 /* Project object */ = {
			isa = PBXProject;
			attributes = {
				BuildIndependentTargetsInParallel = 1;
				LastSwiftUpdateCheck = 1420;
				LastUpgradeCheck = 1420;
				TargetAttributes = {
					CEABD29529F7D7C500A9E1E1 = {
						CreatedOnToolsVersion = 14.2;
					};
				};
			};
			buildConfigurationList = CEABD29129F7D7C500A9E1E1 /* Build configuration list for PBXProject "ShimmerLabel" */;
			compatibilityVersion = "Xcode 14.0";
			developmentRegion = en;
			hasScannedForEncodings = 0;
			knownRegions = (
				en,
				Base,
			);
			mainGroup = CEABD28D29F7D7C500A9E1E1;
			productRefGroup = CEABD29729F7D7C500A9E1E1 /* Products */;
			projectDirPath = "";
			projectRoot = "";
			targets = (
				CEABD29529F7D7C500A9E1E1 /* ShimmerLabel */,
			);
		};
/* End PBXProject section */

/* Begin PBXResourcesBuildPhase section */
		CEABD29429F7D7C500A9E1E1 /* Resources */ = {
			isa = PBXResourcesBuildPhase;
			buildActionMask = 2147483647;
			files = (
				CEABD2A629F7D7C800A9E1E1 /* LaunchScreen.storyboard in Resources */,
				CEABD2A329F7D7C800A9E1E1 /* Assets.xcassets in Resources */,
				CEABD2A129F7D7C500A9E1E1 /* Main.storyboard in Resources */,
			);
			runOnlyForDeploymentPostprocessing = 0;
		};
/* End PBXResourcesBuildPhase section */

/* Begin PBXSourcesBuildPhase section */
		CEABD29229F7D7C500A9E1E1 /* Sources */ = {
			isa = PBXSourcesBuildPhase;
			buildActionMask = 2147483647;
			files = (
				CEABD29E29F7D7C500A9E1E1 /* ViewController.swift in Sources */,
				CEABD29A29F7D7C500A9E1E1 /* AppDelegate.swift in Sources */,
				CEABD2AE29F7D81A00A9E1E1 /* ShimmerLabel.swift in Sources */,
				CEABD29C29F7D7C500A9E1E1 /* SceneDelegate.swift in Sources */,
			);
			runOnlyForDeploymentPostprocessing = 0;
		};
/* End PBXSourcesBuildPhase section */

/* Begin PBXVariantGroup section */
		CEABD29F29F7D7C500A9E1E1 /* Main.storyboard */ = {
			isa = PBXVariantGroup;
			children = (
				CEABD2A029F7D7C500A9E1E1 /* Base */,
			);
			name = Main.storyboard;
			sourceTree = "<group>";
		};
		CEABD2A429F7D7C800A9E1E1 /* LaunchScreen.storyboard */ = {
			isa = PBXVariantGroup;
			children = (
				CEABD2A529F7D7C800A9E1E1 /* Base */,
			);
			name = LaunchScreen.storyboard;
			sourceTree = "<group>";
		};
/* End PBXVariantGroup section */

/* Begin XCBuildConfiguration section */
		CEABD2A829F7D7C800A9E1E1 /* Debug */ = {
			isa = XCBuildConfiguration;
			buildSettings = {
				ALWAYS_SEARCH_USER_PATHS = NO;
				CLANG_ANALYZER_NONNULL = YES;
				CLANG_ANALYZER_NUMBER_OBJECT_CONVERSION = YES_AGGRESSIVE;
				CLANG_CXX_LANGUAGE_STANDARD = "gnu++20";
				CLANG_ENABLE_MODULES = YES;
				CLANG_ENABLE_OBJC_ARC = YES;
				CLANG_ENABLE_OBJC_WEAK = YES;
				CLANG_WARN_BLOCK_CAPTURE_AUTORELEASING = YES;
				CLANG_WARN_BOOL_CONVERSION = YES;
				CLANG_WARN_COMMA = YES;
				CLANG_WARN_CONSTANT_CONVERSION = YES;
				CLANG_WARN_DEPRECATED_OBJC_IMPLEMENTATIONS = YES;
				CLANG_WARN_DIRECT_OBJC_ISA_USAGE = YES_ERROR;
				CLANG_WARN_DOCUMENTATION_COMMENTS = YES;
				CLANG_WARN_EMPTY_BODY = YES;
				CLANG_WARN_ENUM_CONVERSION = YES;
				CLANG_WARN_INFINITE_RECURSION = YES;
				CLANG_WARN_INT_CONVERSION = YES;
				CLANG_WARN_NON_LITERAL_NULL_CONVERSION = YES;
				CLANG_WARN_OBJC_IMPLICIT_RETAIN_SELF = YES;
				CLANG_WARN_OBJC_LITERAL_CONVERSION = YES;
				CLANG_WARN_OBJC_ROOT_CLASS = YES_ERROR;
				CLANG_WARN_QUOTED_INCLUDE_IN_FRAMEWORK_HEADER = YES;
				CLANG_WARN_RANGE_LOOP_ANALYSIS = YES;
				CLANG_WARN_STRICT_PROTOTYPES = YES;
				CLANG_WARN_SUSPICIOUS_MOVE = YES;
				CLANG_WARN_UNGUARDED_AVAILABILITY = YES_AGGRESSIVE;
				CLANG_WARN_UNREACHABLE_CODE = YES;
				CLANG_WARN__DUPLICATE_METHOD_MATCH = YES;
				COPY_PHASE_STRIP = NO;
				DEBUG_INFORMATION_FORMAT = dwarf;
				ENABLE_STRICT_OBJC_MSGSEND = YES;
				ENABLE_TESTABILITY = YES;
				GCC_C_LANGUAGE_STANDARD = gnu11;
				GCC_DYNAMIC_NO_PIC = NO;
				GCC_NO_COMMON_BLOCKS = YES;
				GCC_OPTIMIZATION_LEVEL = 0;
				GCC_PREPROCESSOR_DEFINITIONS = (
					"DEBUG=1",
					"$(inherited)",
				);
				GCC_WARN_64_TO_32_BIT_CONVERSION = YES;
				GCC_WARN_ABOUT_RETURN_TYPE = YES_ERROR;
				GCC_WARN_UNDECLARED_SELECTOR = YES;
				GCC_WARN_UNINITIALIZED_AUTOS = YES_AGGRESSIVE;
				GCC_WARN_UNUSED_FUNCTION = YES;
				GCC_WARN_UNUSED_VARIABLE = YES;
				IPHONEOS_DEPLOYMENT_TARGET = 16.2;
				MTL_ENABLE_DEBUG_INFO = INCLUDE_SOURCE;
				MTL_FAST_MATH = YES;
				ONLY_ACTIVE_ARCH = YES;
				SDKROOT = iphoneos;
				SWIFT_ACTIVE_COMPILATION_CONDITIONS = DEBUG;
				SWIFT_OPTIMIZATION_LEVEL = "-Onone";
			};
			name = Debug;
		};
		CEABD2A929F7D7C800A9E1E1 /* Release */ = {
			isa = XCBuildConfiguration;
			buildSettings = {
				ALWAYS_SEARCH_USER_PATHS = NO;
				CLANG_ANALYZER_NONNULL = YES;
				CLANG_ANALYZER_NUMBER_OBJECT_CONVERSION = YES_AGGRESSIVE;
				CLANG_CXX_LANGUAGE_STANDARD = "gnu++20";
				CLANG_ENABLE_MODULES = YES;
				CLANG_ENABLE_OBJC_ARC = YES;
				CLANG_ENABLE_OBJC_WEAK = YES;
				CLANG_WARN_BLOCK_CAPTURE_AUTORELEASING = YES;
				CLANG_WARN_BOOL_CONVERSION = YES;
				CLANG_WARN_COMMA = YES;
				CLANG_WARN_CONSTANT_CONVERSION = YES;
				CLANG_WARN_DEPRECATED_OBJC_IMPLEMENTATIONS = YES;
				CLANG_WARN_DIRECT_OBJC_ISA_USAGE = YES_ERROR;
				CLANG_WARN_DOCUMENTATION_COMMENTS = YES;
				CLANG_WARN_EMPTY_BODY = YES;
				CLANG_WARN_ENUM_CONVERSION = YES;
				CLANG_WARN_INFINITE_RECURSION = YES;
				CLANG_WARN_INT_CONVERSION = YES;
				CLANG_WARN_NON_LITERAL_NULL_CONVERSION = YES;
				CLANG_WARN_OBJC_IMPLICIT_RETAIN_SELF = YES;
				CLANG_WARN_OBJC_LITERAL_CONVERSION = YES;
				CLANG_WARN_OBJC_ROOT_CLASS = YES_ERROR;
				CLANG_WARN_QUOTED_INCLUDE_IN_FRAMEWORK_HEADER = YES;
				CLANG_WARN_RANGE_LOOP_ANALYSIS = YES;
				CLANG_WARN_STRICT_PROTOTYPES = YES;
				CLANG_WARN_SUSPICIOUS_MOVE = YES;
				CLANG_WARN_UNGUARDED_AVAILABILITY = YES_AGGRESSIVE;
				CLANG_WARN_UNREACHABLE_CODE = YES;
				CLANG_WARN__DUPLICATE_METHOD_MATCH = YES;
				COPY_PHASE_STRIP = NO;
				DEBUG_INFORMATION_FORMAT = "dwarf-with-dsym";
				ENABLE_NS_ASSERTIONS = NO;
				ENABLE_STRICT_OBJC_MSGSEND = YES;
				GCC_C_LANGUAGE_STANDARD = gnu11;
				GCC_NO_COMMON_BLOCKS = YES;
				GCC_WARN_64_TO_32_BIT_CONVERSION = YES;
				GCC_WARN_ABOUT_RETURN_TYPE = YES_ERROR;
				GCC_WARN_UNDECLARED_SELECTOR = YES;
				GCC_WARN_UNINITIALIZED_AUTOS = YES_AGGRESSIVE;
				GCC_WARN_UNUSED_FUNCTION = YES;
				GCC_WARN_UNUSED_VARIABLE = YES;
				IPHONEOS_DEPLOYMENT_TARGET = 16.2;
				MTL_ENABLE_DEBUG_INFO = NO;
				MTL_FAST_MATH = YES;
				SDKROOT = iphoneos;
				SWIFT_COMPILATION_MODE = wholemodule;
				SWIFT_OPTIMIZATION_LEVEL = "-O";
				VALIDATE_PRODUCT = YES;
			};
			name = Release;
		};
		CEABD2AB29F7D7C800A9E1E1 /* Debug */ = {
			isa = XCBuildConfiguration;
			buildSettings = {
				ASSETCATALOG_COMPILER_APPICON_NAME = AppIcon;
				ASSETCATALOG_COMPILER_GLOBAL_ACCENT_COLOR_NAME = AccentColor;
				CODE_SIGN_STYLE = Automatic;
				CURRENT_PROJECT_VERSION = 1;
				DEVELOPMENT_TEAM = CL7DS2QP8C;
				GENERATE_INFOPLIST_FILE = YES;
				INFOPLIST_FILE = ShimmerLabel/Info.plist;
				INFOPLIST_KEY_UIApplicationSupportsIndirectInputEvents = YES;
				INFOPLIST_KEY_UILaunchStoryboardName = LaunchScreen;
				INFOPLIST_KEY_UIMainStoryboardFile = Main;
				INFOPLIST_KEY_UISupportedInterfaceOrientations_iPad = "UIInterfaceOrientationPortrait UIInterfaceOrientationPortraitUpsideDown UIInterfaceOrientationLandscapeLeft UIInterfaceOrientationLandscapeRight";
				INFOPLIST_KEY_UISupportedInterfaceOrientations_iPhone = "UIInterfaceOrientationPortrait UIInterfaceOrientationLandscapeLeft UIInterfaceOrientationLandscapeRight";
				IPHONEOS_DEPLOYMENT_TARGET = 13.0;
				LD_RUNPATH_SEARCH_PATHS = (
					"$(inherited)",
					"@executable_path/Frameworks",
				);
				MARKETING_VERSION = 1.0;
				PRODUCT_BUNDLE_IDENTIFIER = cn.orangelab.ShimmerLabel;
				PRODUCT_NAME = "$(TARGET_NAME)";
				SWIFT_EMIT_LOC_STRINGS = YES;
				SWIFT_VERSION = 5.0;
				TARGETED_DEVICE_FAMILY = "1,2";
			};
			name = Debug;
		};
		CEABD2AC29F7D7C800A9E1E1 /* Release */ = {
			isa = XCBuildConfiguration;
			buildSettings = {
				ASSETCATALOG_COMPILER_APPICON_NAME = AppIcon;
				ASSETCATALOG_COMPILER_GLOBAL_ACCENT_COLOR_NAME = AccentColor;
				CODE_SIGN_STYLE = Automatic;
				CURRENT_PROJECT_VERSION = 1;
				DEVELOPMENT_TEAM = CL7DS2QP8C;
				GENERATE_INFOPLIST_FILE = YES;
				INFOPLIST_FILE = ShimmerLabel/Info.plist;
				INFOPLIST_KEY_UIApplicationSupportsIndirectInputEvents = YES;
				INFOPLIST_KEY_UILaunchStoryboardName = LaunchScreen;
				INFOPLIST_KEY_UIMainStoryboardFile = Main;
				INFOPLIST_KEY_UISupportedInterfaceOrientations_iPad = "UIInterfaceOrientationPortrait UIInterfaceOrientationPortraitUpsideDown UIInterfaceOrientationLandscapeLeft UIInterfaceOrientationLandscapeRight";
				INFOPLIST_KEY_UISupportedInterfaceOrientations_iPhone = "UIInterfaceOrientationPortrait UIInterfaceOrientationLandscapeLeft UIInterfaceOrientationLandscapeRight";
				IPHONEOS_DEPLOYMENT_TARGET = 13.0;
				LD_RUNPATH_SEARCH_PATHS = (
					"$(inherited)",
					"@executable_path/Frameworks",
				);
				MARKETING_VERSION = 1.0;
				PRODUCT_BUNDLE_IDENTIFIER = cn.orangelab.ShimmerLabel;
				PRODUCT_NAME = "$(TARGET_NAME)";
				SWIFT_EMIT_LOC_STRINGS = YES;
				SWIFT_VERSION = 5.0;
				TARGETED_DEVICE_FAMILY = "1,2";
			};
			name = Release;
		};
/* End XCBuildConfiguration section */

/* Begin XCConfigurationList section */
		CEABD29129F7D7C500A9E1E1 /* Build configuration list for PBXProject "ShimmerLabel" */ = {
			isa = XCConfigurationList;
			buildConfigurations = (
				CEABD2A829F7D7C800A9E1E1 /* Debug */,
				CEABD2A929F7D7C800A9E1E1 /* Release */,
			);
			defaultConfigurationIsVisible = 0;
			defaultConfigurationName = Release;
		};
		CEABD2AA29F7D7C800A9E1E1 /* Build configuration list for PBXNativeTarget "ShimmerLabel" */ = {
			isa = XCConfigurationList;
			buildConfigurations = (
				CEABD2AB29F7D7C800A9E1E1 /* Debug */,
				CEABD2AC29F7D7C800A9E1E1 /* Release */,
			);
			defaultConfigurationIsVisible = 0;
			defaultConfigurationName = Release;
		};
/* End XCConfigurationList section */
	};
	rootObject = CEABD28E29F7D7C500A9E1E1 /* Project object */;
}
